
Microsoft Visual Studio Solution File, Format Version 12.00
# Visual Studio Version 16
VisualStudioVersion = 16.0.33801.447
MinimumVisualStudioVersion = 10.0.40219.1
Project("{FAE04EC0-301F-11D3-BF4B-00C04F79EFBC}") = "donutbot", "donutbot.csproj", "{5EF9CF3F-433F-42F9-BFF5-37DB74BC8535}"
EndProject
Global
	GlobalSection(SolutionConfigurationPlatforms) = preSolution
		Debug|Any CPU = Debug|Any CPU
		Release|Any CPU = Release|Any CPU
	EndGlobalSection
	GlobalSection(ProjectConfigurationPlatforms) = postSolution
		{5EF9CF3F-433F-42F9-BFF5-37DB74BC8535}.Debug|Any CPU.ActiveCfg = Debug|Any CPU
		{5EF9CF3F-433F-42F9-BFF5-37DB74BC8535}.Debug|Any CPU.Build.0 = Debug|Any CPU
		{5EF9CF3F-433F-42F9-BFF5-37DB74BC8535}.Release|Any CPU.ActiveCfg = Release|Any CPU
		{5EF9CF3F-433F-42F9-BFF5-37DB74BC8535}.Release|Any CPU.Build.0 = Release|Any CPU
	EndGlobalSection
	GlobalSection(SolutionProperties) = preSolution
		HideSolutionNode = FALSE
	EndGlobalSection
	GlobalSection(ExtensibilityGlobals) = postSolution
		SolutionGuid = {6D719E23-52ED-4741-B8ED-7317B3F3BFEC}
	EndGlobalSection
EndGlobal
